Microsoft Visual Studio Solution File, Format Version 12.00
# Visual Studio Version 17
VisualStudioVersion = 17.5.2.0
MinimumVisualStudioVersion = 10.0.40219.1
Project("{FAE04EC0-301F-11D3-BF4B-00C04F79EFBC}") = "simple-slime-game", "simple-slime-game.csproj", "{3B93D487-96CD-7F32-E6E3-9D9918B0CBA3}"
EndProject
Global
	GlobalSection(SolutionConfigurationPlatforms) = preSolution
		Debug|Any CPU = Debug|Any CPU
		Release|Any CPU = Release|Any CPU
	EndGlobalSection
	GlobalSection(ProjectConfigurationPlatforms) = postSolution
		{3B93D487-96CD-7F32-E6E3-9D9918B0CBA3}.Debug|Any CPU.ActiveCfg = Debug|Any CPU
		{3B93D487-96CD-7F32-E6E3-9D9918B0CBA3}.Debug|Any CPU.Build.0 = Debug|Any CPU
		{3B93D487-96CD-7F32-E6E3-9D9918B0CBA3}.Release|Any CPU.ActiveCfg = Release|Any CPU
		{3B93D487-96CD-7F32-E6E3-9D9918B0CBA3}.Release|Any CPU.Build.0 = Release|Any CPU
	EndGlobalSection
	GlobalSection(SolutionProperties) = preSolution
		HideSolutionNode = FALSE
	EndGlobalSection
	GlobalSection(ExtensibilityGlobals) = postSolution
		SolutionGuid = {D7E0F66E-3B0C-41D8-AA76-51F4E43A2F23}
	EndGlobalSection
EndGlobal
